
Microsoft Visual Studio Solution File, Format Version 12.00
# Visual Studio Version 16
VisualStudioVersion = 16.0.31205.134
MinimumVisualStudioVersion = 10.0.40219.1
Project("{FAE04EC0-301F-11D3-BF4B-00C04F79EFBC}") = "Vizsgaremek", "Vizsgaremek.csproj", "{3B38033D-A133-4AAD-A468-1D545E5AB453}"
EndProject
Global
	GlobalSection(SolutionConfigurationPlatforms) = preSolution
		Debug|Any CPU = Debug|Any CPU
		Release|Any CPU = Release|Any CPU
	EndGlobalSection
	GlobalSection(ProjectConfigurationPlatforms) = postSolution
		{3B38033D-A133-4AAD-A468-1D545E5AB453}.Debug|Any CPU.ActiveCfg = Debug|Any CPU
		{3B38033D-A133-4AAD-A468-1D545E5AB453}.Debug|Any CPU.Build.0 = Debug|Any CPU
		{3B38033D-A133-4AAD-A468-1D545E5AB453}.Release|Any CPU.ActiveCfg = Release|Any CPU
		{3B38033D-A133-4AAD-A468-1D545E5AB453}.Release|Any CPU.Build.0 = Release|Any CPU
	EndGlobalSection
	GlobalSection(SolutionProperties) = preSolution
		HideSolutionNode = FALSE
	EndGlobalSection
	GlobalSection(ExtensibilityGlobals) = postSolution
		SolutionGuid = {AC521BE1-BF4C-467C-AB21-E6065127DA43}
	EndGlobalSection
EndGlobal
